
Microsoft Visual Studio Solution File, Format Version 12.00
# Visual Studio Version 17
VisualStudioVersion = 17.5.002.0
MinimumVisualStudioVersion = 10.0.40219.1
Project("{9A19103F-16F7-4668-BE54-9A1E7A4F7556}") = "Maxmang", "Maxmang.csproj", "{CCAA4332-089D-4CC6-A3E1-340CA5CC91BF}"
EndProject
Global
	GlobalSection(SolutionConfigurationPlatforms) = preSolution
		Debug|Any CPU = Debug|Any CPU
		Release|Any CPU = Release|Any CPU
	EndGlobalSection
	GlobalSection(ProjectConfigurationPlatforms) = postSolution
		{CCAA4332-089D-4CC6-A3E1-340CA5CC91BF}.Debug|Any CPU.ActiveCfg = Debug|Any CPU
		{CCAA4332-089D-4CC6-A3E1-340CA5CC91BF}.Debug|Any CPU.Build.0 = Debug|Any CPU
		{CCAA4332-089D-4CC6-A3E1-340CA5CC91BF}.Release|Any CPU.ActiveCfg = Release|Any CPU
		{CCAA4332-089D-4CC6-A3E1-340CA5CC91BF}.Release|Any CPU.Build.0 = Release|Any CPU
	EndGlobalSection
	GlobalSection(SolutionProperties) = preSolution
		HideSolutionNode = FALSE
	EndGlobalSection
	GlobalSection(ExtensibilityGlobals) = postSolution
		SolutionGuid = {75BCBE29-6870-43C1-A678-CEB8B04D5D83}
	EndGlobalSection
EndGlobal
